
Microsoft Visual Studio Solution File, Format Version 12.00
# Visual Studio Version 17
VisualStudioVersion = 17.10.35004.147
MinimumVisualStudioVersion = 10.0.40219.1
Project("{FAE04EC0-301F-11D3-BF4B-00C04F79EFBC}") = "Word", "Word\Word.csproj", "{DBD3E79E-A45B-420F-B2DE-A9304D60A348}"
EndProject
Global
	GlobalSection(SolutionConfigurationPlatforms) = preSolution
		Debug|Any CPU = Debug|Any CPU
		Release|Any CPU = Release|Any CPU
	EndGlobalSection
	GlobalSection(ProjectConfigurationPlatforms) = postSolution
		{DBD3E79E-A45B-420F-B2DE-A9304D60A348}.Debug|Any CPU.ActiveCfg = Debug|Any CPU
		{DBD3E79E-A45B-420F-B2DE-A9304D60A348}.Debug|Any CPU.Build.0 = Debug|Any CPU
		{DBD3E79E-A45B-420F-B2DE-A9304D60A348}.Release|Any CPU.ActiveCfg = Release|Any CPU
		{DBD3E79E-A45B-420F-B2DE-A9304D60A348}.Release|Any CPU.Build.0 = Release|Any CPU
	EndGlobalSection
	GlobalSection(SolutionProperties) = preSolution
		HideSolutionNode = FALSE
	EndGlobalSection
	GlobalSection(ExtensibilityGlobals) = postSolution
		SolutionGuid = {09B3049D-39BC-453B-AD00-071957E884CE}
	EndGlobalSection
EndGlobal
